{
  "version": 4,
  "terraform_version": "1.14.1",
  "serial": 3,
  "lineage": "8364b83b-a926-667d-9e60-b2864ebb69d2",
  "outputs": {
    "domain_example": {
      "value": "dummy",
      "type": "string"
    }
  },
  "resources": [
    {
      "module": "module.project-factory.module.gsuite_group",
      "mode": "data",
      "type": "google_organization",
      "name": "org",
      "provider": "provider[\"registry.terraform.io/hashicorp/google\"]",
      "instances": []
    },
    {
      "module": "module.project-factory.module.project-factory",
      "mode": "managed",
      "type": "google_compute_project_cloud_armor_tier",
      "name": "cloud_armor_tier_config",
      "provider": "provider[\"registry.terraform.io/hashicorp/google\"]",
      "instances": []
    },
    {
      "module": "module.project-factory.module.project-factory",
      "mode": "managed",
      "type": "google_compute_subnetwork_iam_member",
      "name": "group_role_to_vpc_subnets",
      "provider": "provider[\"registry.terraform.io/hashicorp/google-beta\"]",
      "instances": []
    },
    {
      "module": "module.project-factory.module.project-factory",
      "mode": "managed",
      "type": "random_id",
      "name": "random_project_id_suffix",
      "provider": "provider[\"registry.terraform.io/hashicorp/random\"]",
      "instances": [
        {
          "schema_version": 0,
          "attributes": {
            "b64_std": "j5c=",
            "b64_url": "j5c",
            "byte_length": 2,
            "dec": "36759",
            "hex": "8f97",
            "id": "j5c",
            "keepers": null,
            "prefix": null
          },
          "sensitive_attributes": [],
          "identity_schema_version": 0
        }
      ]
    },
    {
      "module": "module.project-factory.module.project-factory",
      "mode": "managed",
      "type": "random_string",
      "name": "random_project_id_suffix",
      "provider": "provider[\"registry.terraform.io/hashicorp/random\"]",
      "instances": []
    }
  ],
  "check_results": [
    {
      "object_kind": "var",
      "config_addr": "module.project-factory.var.budget_labels",
      "status": "pass",
      "objects": [
        {
          "object_addr": "module.project-factory.var.budget_labels",
          "status": "pass"
        }
      ]
    },
    {
      "object_kind": "var",
      "config_addr": "module.project-factory.module.budget.var.labels",
      "status": "pass",
      "objects": [
        {
          "object_addr": "module.project-factory.module.budget.var.labels",
          "status": "pass"
        }
      ]
    }
  ]
}
